
Microsoft Visual Studio Solution File, Format Version 12.00
# Visual Studio Version 17
VisualStudioVersion = 17.4.33110.190
MinimumVisualStudioVersion = 10.0.40219.1
Project("{FAE04EC0-301F-11D3-BF4B-00C04F79EFBC}") = "Common", "Common\Common.csproj", "{EA23C8E7-0C7C-46C5-BDC7-CF98B49EF722}"
EndProject
Project("{FAE04EC0-301F-11D3-BF4B-00C04F79EFBC}") = "Test", "Test\Test.csproj", "{96540CB5-ECC9-4B87-847B-CEF60BE63AE8}"
EndProject
Project("{FAE04EC0-301F-11D3-BF4B-00C04F79EFBC}") = "EC0401前处理", "EC0401前处理\EC0401前处理.csproj", "{41617CCA-EDF6-4280-9271-173C2A30751A}"
EndProject
Project("{FAE04EC0-301F-11D3-BF4B-00C04F79EFBC}") = "EC0402低压成型", "EC0402低压成型\EC0402低压成型.csproj", "{0DBF41D5-BF88-43CC-949C-9182619BBACB}"
EndProject
Project("{FAE04EC0-301F-11D3-BF4B-00C04F79EFBC}") = "EC0403HB焊接", "EC0403HB焊接\EC0403HB焊接.csproj", "{C65B6330-F355-4336-A31C-9A7DB06DF0E3}"
EndProject
Project("{FAE04EC0-301F-11D3-BF4B-00C04F79EFBC}") = "EC0404铁壳熔接焊", "EC0404铁壳熔接焊\EC0404铁壳熔接焊.csproj", "{1D99A492-8306-42BF-8F71-71816C17F9E1}"
EndProject
Project("{FAE04EC0-301F-11D3-BF4B-00C04F79EFBC}") = "EC0405编织喷胶", "EC0405编织喷胶\EC0405编织喷胶.csproj", "{5DEB9ABD-DFDB-4630-B675-0FF8F3C54853}"
EndProject
Project("{FAE04EC0-301F-11D3-BF4B-00C04F79EFBC}") = "EC0406喷胶保压", "EC0406喷胶保压\EC0406喷胶保压.csproj", "{325F5E6B-2EEC-47D9-876A-03CD4C074FBC}"
EndProject
Global
	GlobalSection(SolutionConfigurationPlatforms) = preSolution
		Debug|Any CPU = Debug|Any CPU
		Release|Any CPU = Release|Any CPU
	EndGlobalSection
	GlobalSection(ProjectConfigurationPlatforms) = postSolution
		{EA23C8E7-0C7C-46C5-BDC7-CF98B49EF722}.Debug|Any CPU.ActiveCfg = Debug|Any CPU
		{EA23C8E7-0C7C-46C5-BDC7-CF98B49EF722}.Debug|Any CPU.Build.0 = Debug|Any CPU
		{EA23C8E7-0C7C-46C5-BDC7-CF98B49EF722}.Release|Any CPU.ActiveCfg = Release|Any CPU
		{EA23C8E7-0C7C-46C5-BDC7-CF98B49EF722}.Release|Any CPU.Build.0 = Release|Any CPU
		{96540CB5-ECC9-4B87-847B-CEF60BE63AE8}.Debug|Any CPU.ActiveCfg = Debug|Any CPU
		{96540CB5-ECC9-4B87-847B-CEF60BE63AE8}.Debug|Any CPU.Build.0 = Debug|Any CPU
		{96540CB5-ECC9-4B87-847B-CEF60BE63AE8}.Release|Any CPU.ActiveCfg = Release|Any CPU
		{96540CB5-ECC9-4B87-847B-CEF60BE63AE8}.Release|Any CPU.Build.0 = Release|Any CPU
		{41617CCA-EDF6-4280-9271-173C2A30751A}.Debug|Any CPU.ActiveCfg = Debug|Any CPU
		{41617CCA-EDF6-4280-9271-173C2A30751A}.Debug|Any CPU.Build.0 = Debug|Any CPU
		{41617CCA-EDF6-4280-9271-173C2A30751A}.Release|Any CPU.ActiveCfg = Release|Any CPU
		{41617CCA-EDF6-4280-9271-173C2A30751A}.Release|Any CPU.Build.0 = Release|Any CPU
		{0DBF41D5-BF88-43CC-949C-9182619BBACB}.Debug|Any CPU.ActiveCfg = Debug|Any CPU
		{0DBF41D5-BF88-43CC-949C-9182619BBACB}.Debug|Any CPU.Build.0 = Debug|Any CPU
		{0DBF41D5-BF88-43CC-949C-9182619BBACB}.Release|Any CPU.ActiveCfg = Release|Any CPU
		{0DBF41D5-BF88-43CC-949C-9182619BBACB}.Release|Any CPU.Build.0 = Release|Any CPU
		{C65B6330-F355-4336-A31C-9A7DB06DF0E3}.Debug|Any CPU.ActiveCfg = Debug|Any CPU
		{C65B6330-F355-4336-A31C-9A7DB06DF0E3}.Debug|Any CPU.Build.0 = Debug|Any CPU
		{C65B6330-F355-4336-A31C-9A7DB06DF0E3}.Release|Any CPU.ActiveCfg = Release|Any CPU
		{C65B6330-F355-4336-A31C-9A7DB06DF0E3}.Release|Any CPU.Build.0 = Release|Any CPU
		{1D99A492-8306-42BF-8F71-71816C17F9E1}.Debug|Any CPU.ActiveCfg = Debug|Any CPU
		{1D99A492-8306-42BF-8F71-71816C17F9E1}.Debug|Any CPU.Build.0 = Debug|Any CPU
		{1D99A492-8306-42BF-8F71-71816C17F9E1}.Release|Any CPU.ActiveCfg = Release|Any CPU
		{1D99A492-8306-42BF-8F71-71816C17F9E1}.Release|Any CPU.Build.0 = Release|Any CPU
		{5DEB9ABD-DFDB-4630-B675-0FF8F3C54853}.Debug|Any CPU.ActiveCfg = Debug|Any CPU
		{5DEB9ABD-DFDB-4630-B675-0FF8F3C54853}.Debug|Any CPU.Build.0 = Debug|Any CPU
		{5DEB9ABD-DFDB-4630-B675-0FF8F3C54853}.Release|Any CPU.ActiveCfg = Release|Any CPU
		{5DEB9ABD-DFDB-4630-B675-0FF8F3C54853}.Release|Any CPU.Build.0 = Release|Any CPU
		{325F5E6B-2EEC-47D9-876A-03CD4C074FBC}.Debug|Any CPU.ActiveCfg = Debug|Any CPU
		{325F5E6B-2EEC-47D9-876A-03CD4C074FBC}.Debug|Any CPU.Build.0 = Debug|Any CPU
		{325F5E6B-2EEC-47D9-876A-03CD4C074FBC}.Release|Any CPU.ActiveCfg = Release|Any CPU
		{325F5E6B-2EEC-47D9-876A-03CD4C074FBC}.Release|Any CPU.Build.0 = Release|Any CPU
	EndGlobalSection
	GlobalSection(SolutionProperties) = preSolution
		HideSolutionNode = FALSE
	EndGlobalSection
	GlobalSection(ExtensibilityGlobals) = postSolution
		SolutionGuid = {3197624A-252A-4408-BD6F-08F14CD95743}
	EndGlobalSection
EndGlobal
